
Microsoft Visual Studio Solution File, Format Version 12.00
# Visual Studio Version 17
VisualStudioVersion = 17.0.31919.166
MinimumVisualStudioVersion = 10.0.40219.1
Project("{9A19103F-16F7-4668-BE54-9A1E7A4F7556}") = "SMatrix", "SparseMatrix\SMatrix.csproj", "{F2C27BA7-BD76-4DAD-BA75-0FD3A2120E23}"
EndProject
Project("{9A19103F-16F7-4668-BE54-9A1E7A4F7556}") = "BookTask", "BookTask\BookTask.csproj", "{272CEA6D-9A8C-46DF-9048-E876300790D1}"
EndProject
Project("{FAE04EC0-301F-11D3-BF4B-00C04F79EFBC}") = "Vacations", "Vacations\Vacations.csproj", "{AB91A404-B5BB-4CBE-97BA-FA8B5B5510B8}"
EndProject
Global
	GlobalSection(SolutionConfigurationPlatforms) = preSolution
		Debug|Any CPU = Debug|Any CPU
		Release|Any CPU = Release|Any CPU
	EndGlobalSection
	GlobalSection(ProjectConfigurationPlatforms) = postSolution
		{F2C27BA7-BD76-4DAD-BA75-0FD3A2120E23}.Debug|Any CPU.ActiveCfg = Debug|Any CPU
		{F2C27BA7-BD76-4DAD-BA75-0FD3A2120E23}.Debug|Any CPU.Build.0 = Debug|Any CPU
		{F2C27BA7-BD76-4DAD-BA75-0FD3A2120E23}.Release|Any CPU.ActiveCfg = Release|Any CPU
		{F2C27BA7-BD76-4DAD-BA75-0FD3A2120E23}.Release|Any CPU.Build.0 = Release|Any CPU
		{272CEA6D-9A8C-46DF-9048-E876300790D1}.Debug|Any CPU.ActiveCfg = Debug|Any CPU
		{272CEA6D-9A8C-46DF-9048-E876300790D1}.Debug|Any CPU.Build.0 = Debug|Any CPU
		{272CEA6D-9A8C-46DF-9048-E876300790D1}.Release|Any CPU.ActiveCfg = Release|Any CPU
		{272CEA6D-9A8C-46DF-9048-E876300790D1}.Release|Any CPU.Build.0 = Release|Any CPU
		{AB91A404-B5BB-4CBE-97BA-FA8B5B5510B8}.Debug|Any CPU.ActiveCfg = Debug|Any CPU
		{AB91A404-B5BB-4CBE-97BA-FA8B5B5510B8}.Debug|Any CPU.Build.0 = Debug|Any CPU
		{AB91A404-B5BB-4CBE-97BA-FA8B5B5510B8}.Release|Any CPU.ActiveCfg = Release|Any CPU
		{AB91A404-B5BB-4CBE-97BA-FA8B5B5510B8}.Release|Any CPU.Build.0 = Release|Any CPU
	EndGlobalSection
	GlobalSection(SolutionProperties) = preSolution
		HideSolutionNode = FALSE
	EndGlobalSection
	GlobalSection(ExtensibilityGlobals) = postSolution
		SolutionGuid = {2A297B5F-CCA8-43EB-915B-A078FD48C79B}
	EndGlobalSection
EndGlobal
