
Microsoft Visual Studio Solution File, Format Version 12.00
# Visual Studio Version 16
VisualStudioVersion = 16.0.31729.503
MinimumVisualStudioVersion = 10.0.40219.1
Project("{9A19103F-16F7-4668-BE54-9A1E7A4F7556}") = "Ternary2s", "Ternary2s\Ternary2s.csproj", "{FCEFEFC3-82A4-47EB-87C9-D48008CEDEBF}"
EndProject
Project("{9A19103F-16F7-4668-BE54-9A1E7A4F7556}") = "ISBN", "ISBN\ISBN.csproj", "{075D98D3-E9C2-470D-926A-4C26AC592EC0}"
EndProject
Project("{FAE04EC0-301F-11D3-BF4B-00C04F79EFBC}") = "SumOfArrayHLRange", "SumOfArrayHLRange\SumOfArrayHLRange.csproj", "{9839A0DA-6219-4BEC-89EA-C572832A204A}"
EndProject
Global
	GlobalSection(SolutionConfigurationPlatforms) = preSolution
		Debug|Any CPU = Debug|Any CPU
		Release|Any CPU = Release|Any CPU
	EndGlobalSection
	GlobalSection(ProjectConfigurationPlatforms) = postSolution
		{FCEFEFC3-82A4-47EB-87C9-D48008CEDEBF}.Debug|Any CPU.ActiveCfg = Debug|Any CPU
		{FCEFEFC3-82A4-47EB-87C9-D48008CEDEBF}.Debug|Any CPU.Build.0 = Debug|Any CPU
		{FCEFEFC3-82A4-47EB-87C9-D48008CEDEBF}.Release|Any CPU.ActiveCfg = Release|Any CPU
		{FCEFEFC3-82A4-47EB-87C9-D48008CEDEBF}.Release|Any CPU.Build.0 = Release|Any CPU
		{075D98D3-E9C2-470D-926A-4C26AC592EC0}.Debug|Any CPU.ActiveCfg = Debug|Any CPU
		{075D98D3-E9C2-470D-926A-4C26AC592EC0}.Debug|Any CPU.Build.0 = Debug|Any CPU
		{075D98D3-E9C2-470D-926A-4C26AC592EC0}.Release|Any CPU.ActiveCfg = Release|Any CPU
		{075D98D3-E9C2-470D-926A-4C26AC592EC0}.Release|Any CPU.Build.0 = Release|Any CPU
		{9839A0DA-6219-4BEC-89EA-C572832A204A}.Debug|Any CPU.ActiveCfg = Debug|Any CPU
		{9839A0DA-6219-4BEC-89EA-C572832A204A}.Debug|Any CPU.Build.0 = Debug|Any CPU
		{9839A0DA-6219-4BEC-89EA-C572832A204A}.Release|Any CPU.ActiveCfg = Release|Any CPU
		{9839A0DA-6219-4BEC-89EA-C572832A204A}.Release|Any CPU.Build.0 = Release|Any CPU
	EndGlobalSection
	GlobalSection(SolutionProperties) = preSolution
		HideSolutionNode = FALSE
	EndGlobalSection
	GlobalSection(ExtensibilityGlobals) = postSolution
		SolutionGuid = {F490673A-38EE-49D2-88EF-D36D4875E32F}
	EndGlobalSection
EndGlobal
