
Microsoft Visual Studio Solution File, Format Version 12.00
# Visual Studio Version 17
VisualStudioVersion = 17.0.31919.166
MinimumVisualStudioVersion = 10.0.40219.1
Project("{9A19103F-16F7-4668-BE54-9A1E7A4F7556}") = "DiagonalMatrix", "DiagonalMatrix\DiagonalMatrix.csproj", "{42187616-58F7-42C5-83C2-8C16E0953E2C}"
EndProject
Project("{FAE04EC0-301F-11D3-BF4B-00C04F79EFBC}") = "TrainingManagementSystem", "TrainingManagementSystem\TrainingManagementSystem.csproj", "{E78D7955-A88F-4BDF-B326-CB92E8088800}"
EndProject
Global
	GlobalSection(SolutionConfigurationPlatforms) = preSolution
		Debug|Any CPU = Debug|Any CPU
		Release|Any CPU = Release|Any CPU
	EndGlobalSection
	GlobalSection(ProjectConfigurationPlatforms) = postSolution
		{42187616-58F7-42C5-83C2-8C16E0953E2C}.Debug|Any CPU.ActiveCfg = Debug|Any CPU
		{42187616-58F7-42C5-83C2-8C16E0953E2C}.Debug|Any CPU.Build.0 = Debug|Any CPU
		{42187616-58F7-42C5-83C2-8C16E0953E2C}.Release|Any CPU.ActiveCfg = Release|Any CPU
		{42187616-58F7-42C5-83C2-8C16E0953E2C}.Release|Any CPU.Build.0 = Release|Any CPU
		{E78D7955-A88F-4BDF-B326-CB92E8088800}.Debug|Any CPU.ActiveCfg = Debug|Any CPU
		{E78D7955-A88F-4BDF-B326-CB92E8088800}.Debug|Any CPU.Build.0 = Debug|Any CPU
		{E78D7955-A88F-4BDF-B326-CB92E8088800}.Release|Any CPU.ActiveCfg = Release|Any CPU
		{E78D7955-A88F-4BDF-B326-CB92E8088800}.Release|Any CPU.Build.0 = Release|Any CPU
	EndGlobalSection
	GlobalSection(SolutionProperties) = preSolution
		HideSolutionNode = FALSE
	EndGlobalSection
	GlobalSection(ExtensibilityGlobals) = postSolution
		SolutionGuid = {FE0CC83C-6DED-4587-BD3D-30F68030BFC0}
	EndGlobalSection
EndGlobal
